
Microsoft Visual Studio Solution File, Format Version 12.00
# Visual Studio 15
VisualStudioVersion = 15.0.26430.13
MinimumVisualStudioVersion = 10.0.40219.1
Project("{9A19103F-16F7-4668-BE54-9A1E7A4F7556}") = "MyShare.Kernel", "MyShare.Kernel\MyShare.Kernel.csproj", "{FFA97B3E-322D-4E40-A335-18795BBADA58}"
EndProject
Project("{9A19103F-16F7-4668-BE54-9A1E7A4F7556}") = "MyShare.Sample", "MyShare.Sample\MyShare.Sample.csproj", "{19E31C9C-B1E8-4AAC-82BC-F576C3902A6B}"
EndProject
Project("{9A19103F-16F7-4668-BE54-9A1E7A4F7556}") = "MyShare.Sample.Web", "MyShare.Sample.Web\MyShare.Sample.Web.csproj", "{5D824684-15BD-4261-8EB9-425F750A8354}"
EndProject
Project("{9A19103F-16F7-4668-BE54-9A1E7A4F7556}") = "MyShare.Kernel.Data", "MyShare.Kernel.Data\MyShare.Kernel.Data.csproj", "{AEB14FAA-F957-4FD6-ADAB-D6675655C3EA}"
EndProject
Project("{2150E333-8FDC-42A3-9474-1A3956D46DE8}") = "Tests", "Tests", "{296B9E74-EDC9-4FF9-8F8C-C714AC7B71DE}"
EndProject
Project("{9A19103F-16F7-4668-BE54-9A1E7A4F7556}") = "MyShare.Sample.XUnitTest", "MyShare.Sample.XUnitTest\MyShare.Sample.XUnitTest.csproj", "{1BBBBB38-A38A-4C2B-8448-09763A6C3C4A}"
EndProject
Global
	GlobalSection(SolutionConfigurationPlatforms) = preSolution
		Debug|Any CPU = Debug|Any CPU
		Release|Any CPU = Release|Any CPU
	EndGlobalSection
	GlobalSection(ProjectConfigurationPlatforms) = postSolution
		{FFA97B3E-322D-4E40-A335-18795BBADA58}.Debug|Any CPU.ActiveCfg = Debug|Any CPU
		{FFA97B3E-322D-4E40-A335-18795BBADA58}.Debug|Any CPU.Build.0 = Debug|Any CPU
		{FFA97B3E-322D-4E40-A335-18795BBADA58}.Release|Any CPU.ActiveCfg = Release|Any CPU
		{FFA97B3E-322D-4E40-A335-18795BBADA58}.Release|Any CPU.Build.0 = Release|Any CPU
		{19E31C9C-B1E8-4AAC-82BC-F576C3902A6B}.Debug|Any CPU.ActiveCfg = Debug|Any CPU
		{19E31C9C-B1E8-4AAC-82BC-F576C3902A6B}.Debug|Any CPU.Build.0 = Debug|Any CPU
		{19E31C9C-B1E8-4AAC-82BC-F576C3902A6B}.Release|Any CPU.ActiveCfg = Release|Any CPU
		{19E31C9C-B1E8-4AAC-82BC-F576C3902A6B}.Release|Any CPU.Build.0 = Release|Any CPU
		{5D824684-15BD-4261-8EB9-425F750A8354}.Debug|Any CPU.ActiveCfg = Debug|Any CPU
		{5D824684-15BD-4261-8EB9-425F750A8354}.Debug|Any CPU.Build.0 = Debug|Any CPU
		{5D824684-15BD-4261-8EB9-425F750A8354}.Release|Any CPU.ActiveCfg = Release|Any CPU
		{5D824684-15BD-4261-8EB9-425F750A8354}.Release|Any CPU.Build.0 = Release|Any CPU
		{AEB14FAA-F957-4FD6-ADAB-D6675655C3EA}.Debug|Any CPU.ActiveCfg = Debug|Any CPU
		{AEB14FAA-F957-4FD6-ADAB-D6675655C3EA}.Debug|Any CPU.Build.0 = Debug|Any CPU
		{AEB14FAA-F957-4FD6-ADAB-D6675655C3EA}.Release|Any CPU.ActiveCfg = Release|Any CPU
		{AEB14FAA-F957-4FD6-ADAB-D6675655C3EA}.Release|Any CPU.Build.0 = Release|Any CPU
		{1BBBBB38-A38A-4C2B-8448-09763A6C3C4A}.Debug|Any CPU.ActiveCfg = Debug|Any CPU
		{1BBBBB38-A38A-4C2B-8448-09763A6C3C4A}.Debug|Any CPU.Build.0 = Debug|Any CPU
		{1BBBBB38-A38A-4C2B-8448-09763A6C3C4A}.Release|Any CPU.ActiveCfg = Release|Any CPU
		{1BBBBB38-A38A-4C2B-8448-09763A6C3C4A}.Release|Any CPU.Build.0 = Release|Any CPU
	EndGlobalSection
	GlobalSection(SolutionProperties) = preSolution
		HideSolutionNode = FALSE
	EndGlobalSection
	GlobalSection(NestedProjects) = preSolution
		{1BBBBB38-A38A-4C2B-8448-09763A6C3C4A} = {296B9E74-EDC9-4FF9-8F8C-C714AC7B71DE}
	EndGlobalSection
EndGlobal
