
Microsoft Visual Studio Solution File, Format Version 12.00
# Visual Studio 15
VisualStudioVersion = 15.0.27004.2002
MinimumVisualStudioVersion = 10.0.40219.1
Project("{9A19103F-16F7-4668-BE54-9A1E7A4F7556}") = "MyShare.Kernel", "MyShare.Kernel\MyShare.Kernel.csproj", "{FFA97B3E-322D-4E40-A335-18795BBADA58}"
EndProject
Project("{9A19103F-16F7-4668-BE54-9A1E7A4F7556}") = "MyShare.Sample", "MyShare.Sample\MyShare.Sample.csproj", "{19E31C9C-B1E8-4AAC-82BC-F576C3902A6B}"
EndProject
Project("{9A19103F-16F7-4668-BE54-9A1E7A4F7556}") = "MyShare.Sample.Web", "MyShare.Sample.Web\MyShare.Sample.Web.csproj", "{5D824684-15BD-4261-8EB9-425F750A8354}"
EndProject
Global
	GlobalSection(SolutionConfigurationPlatforms) = preSolution
		Debug|Any CPU = Debug|Any CPU
		Release|Any CPU = Release|Any CPU
	EndGlobalSection
	GlobalSection(ProjectConfigurationPlatforms) = postSolution
		{FFA97B3E-322D-4E40-A335-18795BBADA58}.Debug|Any CPU.ActiveCfg = Debug|Any CPU
		{FFA97B3E-322D-4E40-A335-18795BBADA58}.Debug|Any CPU.Build.0 = Debug|Any CPU
		{FFA97B3E-322D-4E40-A335-18795BBADA58}.Release|Any CPU.ActiveCfg = Release|Any CPU
		{FFA97B3E-322D-4E40-A335-18795BBADA58}.Release|Any CPU.Build.0 = Release|Any CPU
		{19E31C9C-B1E8-4AAC-82BC-F576C3902A6B}.Debug|Any CPU.ActiveCfg = Debug|Any CPU
		{19E31C9C-B1E8-4AAC-82BC-F576C3902A6B}.Debug|Any CPU.Build.0 = Debug|Any CPU
		{19E31C9C-B1E8-4AAC-82BC-F576C3902A6B}.Release|Any CPU.ActiveCfg = Release|Any CPU
		{19E31C9C-B1E8-4AAC-82BC-F576C3902A6B}.Release|Any CPU.Build.0 = Release|Any CPU
		{5D824684-15BD-4261-8EB9-425F750A8354}.Debug|Any CPU.ActiveCfg = Debug|Any CPU
		{5D824684-15BD-4261-8EB9-425F750A8354}.Debug|Any CPU.Build.0 = Debug|Any CPU
		{5D824684-15BD-4261-8EB9-425F750A8354}.Release|Any CPU.ActiveCfg = Release|Any CPU
		{5D824684-15BD-4261-8EB9-425F750A8354}.Release|Any CPU.Build.0 = Release|Any CPU
	EndGlobalSection
	GlobalSection(SolutionProperties) = preSolution
		HideSolutionNode = FALSE
	EndGlobalSection
	GlobalSection(ExtensibilityGlobals) = postSolution
		SolutionGuid = {09CA0B78-1E5A-441A-9134-00D2260D2057}
	EndGlobalSection
EndGlobal
